
Microsoft Visual Studio Solution File, Format Version 11.00
# Visual Studio 2010
Project("{F2A71F9B-5D33-465A-A702-920D77279786}") = "3FTPd", "3FTPd.fsproj", "{58D6D2CA-34EF-43BF-B320-2D43686B64DA}"
EndProject
Project("{F2A71F9B-5D33-465A-A702-920D77279786}") = "3FTPLib", "..\3FTPLib\3FTPLib.fsproj", "{333C085B-568F-402D-9627-5025C5766269}"
EndProject
Global
	GlobalSection(SolutionConfigurationPlatforms) = preSolution
		Debug|Any CPU = Debug|Any CPU
		Debug|Mixed Platforms = Debug|Mixed Platforms
		Debug|x86 = Debug|x86
		Release|Any CPU = Release|Any CPU
		Release|Mixed Platforms = Release|Mixed Platforms
		Release|x86 = Release|x86
	EndGlobalSection
	GlobalSection(ProjectConfigurationPlatforms) = postSolution
		{58D6D2CA-34EF-43BF-B320-2D43686B64DA}.Debug|Any CPU.ActiveCfg = Debug|Any CPU
		{58D6D2CA-34EF-43BF-B320-2D43686B64DA}.Debug|Any CPU.Build.0 = Debug|Any CPU
		{58D6D2CA-34EF-43BF-B320-2D43686B64DA}.Debug|Mixed Platforms.ActiveCfg = Debug|Any CPU
		{58D6D2CA-34EF-43BF-B320-2D43686B64DA}.Debug|Mixed Platforms.Build.0 = Debug|Any CPU
		{58D6D2CA-34EF-43BF-B320-2D43686B64DA}.Debug|x86.ActiveCfg = Debug|Any CPU
		{58D6D2CA-34EF-43BF-B320-2D43686B64DA}.Release|Any CPU.ActiveCfg = Release|Any CPU
		{58D6D2CA-34EF-43BF-B320-2D43686B64DA}.Release|Any CPU.Build.0 = Release|Any CPU
		{58D6D2CA-34EF-43BF-B320-2D43686B64DA}.Release|Mixed Platforms.ActiveCfg = Release|Any CPU
		{58D6D2CA-34EF-43BF-B320-2D43686B64DA}.Release|Mixed Platforms.Build.0 = Release|Any CPU
		{58D6D2CA-34EF-43BF-B320-2D43686B64DA}.Release|x86.ActiveCfg = Release|Any CPU
		{333C085B-568F-402D-9627-5025C5766269}.Debug|Any CPU.ActiveCfg = Debug|Any CPU
		{333C085B-568F-402D-9627-5025C5766269}.Debug|Any CPU.Build.0 = Debug|Any CPU
		{333C085B-568F-402D-9627-5025C5766269}.Debug|Mixed Platforms.ActiveCfg = Debug|Any CPU
		{333C085B-568F-402D-9627-5025C5766269}.Debug|Mixed Platforms.Build.0 = Debug|Any CPU
		{333C085B-568F-402D-9627-5025C5766269}.Debug|x86.ActiveCfg = Debug|Any CPU
		{333C085B-568F-402D-9627-5025C5766269}.Debug|x86.Build.0 = Debug|Any CPU
		{333C085B-568F-402D-9627-5025C5766269}.Release|Any CPU.ActiveCfg = Release|Any CPU
		{333C085B-568F-402D-9627-5025C5766269}.Release|Any CPU.Build.0 = Release|Any CPU
		{333C085B-568F-402D-9627-5025C5766269}.Release|Mixed Platforms.ActiveCfg = Release|Any CPU
		{333C085B-568F-402D-9627-5025C5766269}.Release|Mixed Platforms.Build.0 = Release|Any CPU
		{333C085B-568F-402D-9627-5025C5766269}.Release|x86.ActiveCfg = Release|Any CPU
		{333C085B-568F-402D-9627-5025C5766269}.Release|x86.Build.0 = Release|Any CPU
	EndGlobalSection
	GlobalSection(SolutionProperties) = preSolution
		HideSolutionNode = FALSE
	EndGlobalSection
	GlobalSection(MonoDevelopProperties) = preSolution
		StartupItem = 3FTPd.fsproj
	EndGlobalSection
EndGlobal
